// !$*UTF8*$!
{
	archiveVersion = 1;
	classes = {
	};
	objectVersion = 46;
	objects = {

/* Begin PBXBuildFile section */
		EDFAAA211CE14F9B00D2CB08 /* main.swift in Sources */ = {isa = PBXBuildFile; fileRef = EDFAAA201CE14F9B00D2CB08 /* main.swift */; };
		EDFAAA291CE14FB000D2CB08 /* House.swift in Sources */ = {isa = PBXBuildFile; fileRef = EDFAAA271CE14FB000D2CB08 /* House.swift */; };
		EDFAAA2A1CE14FB000D2CB08 /* Bedroom.swift in Sources */ = {isa = PBXBuildFile; fileRef = EDFAAA281CE14FB000D2CB08 /* Bedroom.swift */; };
/* End PBXBuildFile section */

/* Begin PBXCopyFilesBuildPhase section */
		EDFAAA1B1CE14F9B00D2CB08 /* CopyFiles */ = {
			isa = PBXCopyFilesBuildPhase;
			buildActionMask = 2147483647;
			dstPath = /usr/share/man/man1/;
			dstSubfolderSpec = 0;
			files = (
			);
			runOnlyForDeploymentPostprocessing = 1;
		};
/* End PBXCopyFilesBuildPhase section */

/* Begin PBXFileReference section */
		EDFAAA1D1CE14F9B00D2CB08 /* House_Swift_main */ = {isa = PBXFileReference; explicitFileType = "compiled.mach-o.executable"; includeInIndex = 0; path = House_Swift_main; sourceTree = BUILT_PRODUCTS_DIR; };
		EDFAAA201CE14F9B00D2CB08 /* main.swift */ = {isa = PBXFileReference; lastKnownFileType = sourcecode.swift; path = main.swift; sourceTree = "<group>"; };
		EDFAAA271CE14FB000D2CB08 /* House.swift */ = {isa = PBXFileReference; fileEncoding = 4; lastKnownFileType = sourcecode.swift; path = House.swift; sourceTree = "<group>"; };
		EDFAAA281CE14FB000D2CB08 /* Bedroom.swift */ = {isa = PBXFileReference; fileEncoding = 4; lastKnownFileType = sourcecode.swift; path = Bedroom.swift; sourceTree = "<group>"; };
/* End PBXFileReference section */

/* Begin PBXFrameworksBuildPhase section */
		EDFAAA1A1CE14F9B00D2CB08 /* Frameworks */ = {
			isa = PBXFrameworksBuildPhase;
			buildActionMask = 2147483647;
			files = (
			);
			runOnlyForDeploymentPostprocessing = 0;
		};
/* End PBXFrameworksBuildPhase section */

/* Begin PBXGroup section */
		EDFAAA141CE14F9B00D2CB08 = {
			isa = PBXGroup;
			children = (
				EDFAAA1F1CE14F9B00D2CB08 /* House_Swift_main */,
				EDFAAA1E1CE14F9B00D2CB08 /* Products */,
			);
			sourceTree = "<group>";
		};
		EDFAAA1E1CE14F9B00D2CB08 /* Products */ = {
			isa = PBXGroup;
			children = (
				EDFAAA1D1CE14F9B00D2CB08 /* House_Swift_main */,
			);
			name = Products;
			sourceTree = "<group>";
		};
		EDFAAA1F1CE14F9B00D2CB08 /* House_Swift_main */ = {
			isa = PBXGroup;
			children = (
				EDFAAA201CE14F9B00D2CB08 /* main.swift */,
				EDFAAA271CE14FB000D2CB08 /* House.swift */,
				EDFAAA281CE14FB000D2CB08 /* Bedroom.swift */,
			);
			path = House_Swift_main;
			sourceTree = "<group>";
		};
/* End PBXGroup section */

/* Begin PBXNativeTarget section */
		EDFAAA1C1CE14F9B00D2CB08 /* House_Swift_main */ = {
			isa = PBXNativeTarget;
			buildConfigurationList = EDFAAA241CE14F9B00D2CB08 /* Build configuration list for PBXNativeTarget "House_Swift_main" */;
			buildPhases = (
				EDFAAA191CE14F9B00D2CB08 /* Sources */,
				EDFAAA1A1CE14F9B00D2CB08 /* Frameworks */,
				EDFAAA1B1CE14F9B00D2CB08 /* CopyFiles */,
			);
			buildRules = (
			);
			dependencies = (
			);
			name = House_Swift_main;
			productName = House_Swift_main;
			productReference = EDFAAA1D1CE14F9B00D2CB08 /* House_Swift_main */;
			productType = "com.apple.product-type.tool";
		};
/* End PBXNativeTarget section */

/* Begin PBXProject section */
		EDFAAA151CE14F9B00D2CB08 /* Project object */ = {
			isa = PBXProject;
			attributes = {
				LastSwiftUpdateCheck = 0730;
				LastUpgradeCheck = 0730;
				ORGANIZATIONNAME = "Gabrielle Miller-Messner";
				TargetAttributes = {
					EDFAAA1C1CE14F9B00D2CB08 = {
						CreatedOnToolsVersion = 7.3;
						LastSwiftMigration = 0800;
					};
				};
			};
			buildConfigurationList = EDFAAA181CE14F9B00D2CB08 /* Build configuration list for PBXProject "House_Swift_main" */;
			compatibilityVersion = "Xcode 3.2";
			developmentRegion = English;
			hasScannedForEncodings = 0;
			knownRegions = (
				en,
			);
			mainGroup = EDFAAA141CE14F9B00D2CB08;
			productRefGroup = EDFAAA1E1CE14F9B00D2CB08 /* Products */;
			projectDirPath = "";
			projectRoot = "";
			targets = (
				EDFAAA1C1CE14F9B00D2CB08 /* House_Swift_main */,
			);
		};
/* End PBXProject section */

/* Begin PBXSourcesBuildPhase section */
		EDFAAA191CE14F9B00D2CB08 /* Sources */ = {
			isa = PBXSourcesBuildPhase;
			buildActionMask = 2147483647;
			files = (
				EDFAAA2A1CE14FB000D2CB08 /* Bedroom.swift in Sources */,
				EDFAAA291CE14FB000D2CB08 /* House.swift in Sources */,
				EDFAAA211CE14F9B00D2CB08 /* main.swift in Sources */,
			);
			runOnlyForDeploymentPostprocessing = 0;
		};
/* End PBXSourcesBuildPhase section */

/* Begin XCBuildConfiguration section */
		EDFAAA221CE14F9B00D2CB08 /* Debug */ = {
			isa = XCBuildConfiguration;
			buildSettings = {
				ALWAYS_SEARCH_USER_PATHS = NO;
				CLANG_ANALYZER_NONNULL = YES;
				CLANG_CXX_LANGUAGE_STANDARD = "gnu++0x";
				CLANG_CXX_LIBRARY = "libc++";
				CLANG_ENABLE_MODULES = YES;
				CLANG_ENABLE_OBJC_ARC = YES;
				CLANG_WARN_BOOL_CONVERSION = YES;
				CLANG_WARN_CONSTANT_CONVERSION = YES;
				CLANG_WARN_DIRECT_OBJC_ISA_USAGE = YES_ERROR;
				CLANG_WARN_EMPTY_BODY = YES;
				CLANG_WARN_ENUM_CONVERSION = YES;
				CLANG_WARN_INT_CONVERSION = YES;
				CLANG_WARN_OBJC_ROOT_CLASS = YES_ERROR;
				CLANG_WARN_UNREACHABLE_CODE = YES;
				CLANG_WARN__DUPLICATE_METHOD_MATCH = YES;
				CODE_SIGN_IDENTITY = "-";
				COPY_PHASE_STRIP = NO;
				DEBUG_INFORMATION_FORMAT = dwarf;
				ENABLE_STRICT_OBJC_MSGSEND = YES;
				ENABLE_TESTABILITY = YES;
				GCC_C_LANGUAGE_STANDARD = gnu99;
				GCC_DYNAMIC_NO_PIC = NO;
				GCC_NO_COMMON_BLOCKS = YES;
				GCC_OPTIMIZATION_LEVEL = 0;
				GCC_PREPROCESSOR_DEFINITIONS = (
					"DEBUG=1",
					"$(inherited)",
				);
				GCC_WARN_64_TO_32_BIT_CONVERSION = YES;
				GCC_WARN_ABOUT_RETURN_TYPE = YES_ERROR;
				GCC_WARN_UNDECLARED_SELECTOR = YES;
				GCC_WARN_UNINITIALIZED_AUTOS = YES_AGGRESSIVE;
				GCC_WARN_UNUSED_FUNCTION = YES;
				GCC_WARN_UNUSED_VARIABLE = YES;
				MACOSX_DEPLOYMENT_TARGET = 10.11;
				MTL_ENABLE_DEBUG_INFO = YES;
				ONLY_ACTIVE_ARCH = YES;
				SDKROOT = macosx;
				SWIFT_OPTIMIZATION_LEVEL = "-Onone";
			};
			name = Debug;
		};
		EDFAAA231CE14F9B00D2CB08 /* Release */ = {
			isa = XCBuildConfiguration;
			buildSettings = {
				ALWAYS_SEARCH_USER_PATHS = NO;
				CLANG_ANALYZER_NONNULL = YES;
				CLANG_CXX_LANGUAGE_STANDARD = "gnu++0x";
				CLANG_CXX_LIBRARY = "libc++";
				CLANG_ENABLE_MODULES = YES;
				CLANG_ENABLE_OBJC_ARC = YES;
				CLANG_WARN_BOOL_CONVERSION = YES;
				CLANG_WARN_CONSTANT_CONVERSION = YES;
				CLANG_WARN_DIRECT_OBJC_ISA_USAGE = YES_ERROR;
				CLANG_WARN_EMPTY_BODY = YES;
				CLANG_WARN_ENUM_CONVERSION = YES;
				CLANG_WARN_INT_CONVERSION = YES;
				CLANG_WARN_OBJC_ROOT_CLASS = YES_ERROR;
				CLANG_WARN_UNREACHABLE_CODE = YES;
				CLANG_WARN__DUPLICATE_METHOD_MATCH = YES;
				CODE_SIGN_IDENTITY = "-";
				COPY_PHASE_STRIP = NO;
				DEBUG_INFORMATION_FORMAT = "dwarf-with-dsym";
				ENABLE_NS_ASSERTIONS = NO;
				ENABLE_STRICT_OBJC_MSGSEND = YES;
				GCC_C_LANGUAGE_STANDARD = gnu99;
				GCC_NO_COMMON_BLOCKS = YES;
				GCC_WARN_64_TO_32_BIT_CONVERSION = YES;
				GCC_WARN_ABOUT_RETURN_TYPE = YES_ERROR;
				GCC_WARN_UNDECLARED_SELECTOR = YES;
				GCC_WARN_UNINITIALIZED_AUTOS = YES_AGGRESSIVE;
				GCC_WARN_UNUSED_FUNCTION = YES;
				GCC_WARN_UNUSED_VARIABLE = YES;
				MACOSX_DEPLOYMENT_TARGET = 10.11;
				MTL_ENABLE_DEBUG_INFO = NO;
				SDKROOT = macosx;
			};
			name = Release;
		};
		EDFAAA251CE14F9B00D2CB08 /* Debug */ = {
			isa = XCBuildConfiguration;
			buildSettings = {
				PRODUCT_NAME = "$(TARGET_NAME)";
				SWIFT_VERSION = 2.3;
			};
			name = Debug;
		};
		EDFAAA261CE14F9B00D2CB08 /* Release */ = {
			isa = XCBuildConfiguration;
			buildSettings = {
				PRODUCT_NAME = "$(TARGET_NAME)";
				SWIFT_VERSION = 2.3;
			};
			name = Release;
		};
/* End XCBuildConfiguration section */

/* Begin XCConfigurationList section */
		EDFAAA181CE14F9B00D2CB08 /* Build configuration list for PBXProject "House_Swift_main" */ = {
			isa = XCConfigurationList;
			buildConfigurations = (
				EDFAAA221CE14F9B00D2CB08 /* Debug */,
				EDFAAA231CE14F9B00D2CB08 /* Release */,
			);
			defaultConfigurationIsVisible = 0;
			defaultConfigurationName = Release;
		};
		EDFAAA241CE14F9B00D2CB08 /* Build configuration list for PBXNativeTarget "House_Swift_main" */ = {
			isa = XCConfigurationList;
			buildConfigurations = (
				EDFAAA251CE14F9B00D2CB08 /* Debug */,
				EDFAAA261CE14F9B00D2CB08 /* Release */,
			);
			defaultConfigurationIsVisible = 0;
			defaultConfigurationName = Release;
		};
/* End XCConfigurationList section */
	};
	rootObject = EDFAAA151CE14F9B00D2CB08 /* Project object */;
}
