// !$*UTF8*$!
{
	archiveVersion = 1;
	classes = {
	};
	objectVersion = 46;
	objects = {

/* Begin PBXBuildFile section */
		EDD4A9D51CBDBF6800602B3E /* main.swift in Sources */ = {isa = PBXBuildFile; fileRef = EDD4A9D41CBDBF6800602B3E /* main.swift */; };
		EDD4A9DE1CBEBCA100602B3E /* Toolbox.m in Sources */ = {isa = PBXBuildFile; fileRef = EDD4A9DD1CBEBCA100602B3E /* Toolbox.m */; };
		EDD4A9E11CBEBCDB00602B3E /* Drill.m in Sources */ = {isa = PBXBuildFile; fileRef = EDD4A9E01CBEBCDB00602B3E /* Drill.m */; };
		EDD4A9E41CBEBCFA00602B3E /* Hammer.m in Sources */ = {isa = PBXBuildFile; fileRef = EDD4A9E31CBEBCFA00602B3E /* Hammer.m */; };
/* End PBXBuildFile section */

/* Begin PBXCopyFilesBuildPhase section */
		EDD4A9CF1CBDBF6800602B3E /* CopyFiles */ = {
			isa = PBXCopyFilesBuildPhase;
			buildActionMask = 2147483647;
			dstPath = /usr/share/man/man1/;
			dstSubfolderSpec = 0;
			files = (
			);
			runOnlyForDeploymentPostprocessing = 1;
		};
/* End PBXCopyFilesBuildPhase section */

/* Begin PBXFileReference section */
		EDD4A9D11CBDBF6800602B3E /* Toolbox */ = {isa = PBXFileReference; explicitFileType = "compiled.mach-o.executable"; includeInIndex = 0; path = Toolbox; sourceTree = BUILT_PRODUCTS_DIR; };
		EDD4A9D41CBDBF6800602B3E /* main.swift */ = {isa = PBXFileReference; lastKnownFileType = sourcecode.swift; path = main.swift; sourceTree = "<group>"; };
		EDD4A9DB1CBEBCA100602B3E /* Toolbox-Bridging-Header.h */ = {isa = PBXFileReference; lastKnownFileType = sourcecode.c.h; path = "Toolbox-Bridging-Header.h"; sourceTree = "<group>"; };
		EDD4A9DC1CBEBCA100602B3E /* Toolbox.h */ = {isa = PBXFileReference; fileEncoding = 4; lastKnownFileType = sourcecode.c.h; path = Toolbox.h; sourceTree = "<group>"; };
		EDD4A9DD1CBEBCA100602B3E /* Toolbox.m */ = {isa = PBXFileReference; fileEncoding = 4; lastKnownFileType = sourcecode.c.objc; path = Toolbox.m; sourceTree = "<group>"; };
		EDD4A9DF1CBEBCDB00602B3E /* Drill.h */ = {isa = PBXFileReference; fileEncoding = 4; lastKnownFileType = sourcecode.c.h; path = Drill.h; sourceTree = "<group>"; };
		EDD4A9E01CBEBCDB00602B3E /* Drill.m */ = {isa = PBXFileReference; fileEncoding = 4; lastKnownFileType = sourcecode.c.objc; path = Drill.m; sourceTree = "<group>"; };
		EDD4A9E21CBEBCFA00602B3E /* Hammer.h */ = {isa = PBXFileReference; fileEncoding = 4; lastKnownFileType = sourcecode.c.h; path = Hammer.h; sourceTree = "<group>"; };
		EDD4A9E31CBEBCFA00602B3E /* Hammer.m */ = {isa = PBXFileReference; fileEncoding = 4; lastKnownFileType = sourcecode.c.objc; path = Hammer.m; sourceTree = "<group>"; };
/* End PBXFileReference section */

/* Begin PBXFrameworksBuildPhase section */
		EDD4A9CE1CBDBF6800602B3E /* Frameworks */ = {
			isa = PBXFrameworksBuildPhase;
			buildActionMask = 2147483647;
			files = (
			);
			runOnlyForDeploymentPostprocessing = 0;
		};
/* End PBXFrameworksBuildPhase section */

/* Begin PBXGroup section */
		EDD4A9C81CBDBF6800602B3E = {
			isa = PBXGroup;
			children = (
				EDD4A9D31CBDBF6800602B3E /* Toolbox */,
				EDD4A9D21CBDBF6800602B3E /* Products */,
			);
			sourceTree = "<group>";
		};
		EDD4A9D21CBDBF6800602B3E /* Products */ = {
			isa = PBXGroup;
			children = (
				EDD4A9D11CBDBF6800602B3E /* Toolbox */,
			);
			name = Products;
			sourceTree = "<group>";
		};
		EDD4A9D31CBDBF6800602B3E /* Toolbox */ = {
			isa = PBXGroup;
			children = (
				EDD4A9D41CBDBF6800602B3E /* main.swift */,
				EDD4A9DC1CBEBCA100602B3E /* Toolbox.h */,
				EDD4A9DD1CBEBCA100602B3E /* Toolbox.m */,
				EDD4A9DB1CBEBCA100602B3E /* Toolbox-Bridging-Header.h */,
				EDD4A9DF1CBEBCDB00602B3E /* Drill.h */,
				EDD4A9E01CBEBCDB00602B3E /* Drill.m */,
				EDD4A9E21CBEBCFA00602B3E /* Hammer.h */,
				EDD4A9E31CBEBCFA00602B3E /* Hammer.m */,
			);
			path = Toolbox;
			sourceTree = "<group>";
		};
/* End PBXGroup section */

/* Begin PBXNativeTarget section */
		EDD4A9D01CBDBF6800602B3E /* Toolbox */ = {
			isa = PBXNativeTarget;
			buildConfigurationList = EDD4A9D81CBDBF6800602B3E /* Build configuration list for PBXNativeTarget "Toolbox" */;
			buildPhases = (
				EDD4A9CD1CBDBF6800602B3E /* Sources */,
				EDD4A9CE1CBDBF6800602B3E /* Frameworks */,
				EDD4A9CF1CBDBF6800602B3E /* CopyFiles */,
			);
			buildRules = (
			);
			dependencies = (
			);
			name = Toolbox;
			productName = Toolbox;
			productReference = EDD4A9D11CBDBF6800602B3E /* Toolbox */;
			productType = "com.apple.product-type.tool";
		};
/* End PBXNativeTarget section */

/* Begin PBXProject section */
		EDD4A9C91CBDBF6800602B3E /* Project object */ = {
			isa = PBXProject;
			attributes = {
				LastSwiftUpdateCheck = 0720;
				LastUpgradeCheck = 0800;
				ORGANIZATIONNAME = "Gabrielle Miller-Messner";
				TargetAttributes = {
					EDD4A9D01CBDBF6800602B3E = {
						CreatedOnToolsVersion = 7.2.1;
						LastSwiftMigration = 0800;
					};
				};
			};
			buildConfigurationList = EDD4A9CC1CBDBF6800602B3E /* Build configuration list for PBXProject "Toolbox" */;
			compatibilityVersion = "Xcode 3.2";
			developmentRegion = English;
			hasScannedForEncodings = 0;
			knownRegions = (
				en,
			);
			mainGroup = EDD4A9C81CBDBF6800602B3E;
			productRefGroup = EDD4A9D21CBDBF6800602B3E /* Products */;
			projectDirPath = "";
			projectRoot = "";
			targets = (
				EDD4A9D01CBDBF6800602B3E /* Toolbox */,
			);
		};
/* End PBXProject section */

/* Begin PBXSourcesBuildPhase section */
		EDD4A9CD1CBDBF6800602B3E /* Sources */ = {
			isa = PBXSourcesBuildPhase;
			buildActionMask = 2147483647;
			files = (
				EDD4A9E11CBEBCDB00602B3E /* Drill.m in Sources */,
				EDD4A9E41CBEBCFA00602B3E /* Hammer.m in Sources */,
				EDD4A9D51CBDBF6800602B3E /* main.swift in Sources */,
				EDD4A9DE1CBEBCA100602B3E /* Toolbox.m in Sources */,
			);
			runOnlyForDeploymentPostprocessing = 0;
		};
/* End PBXSourcesBuildPhase section */

/* Begin XCBuildConfiguration section */
		EDD4A9D61CBDBF6800602B3E /* Debug */ = {
			isa = XCBuildConfiguration;
			buildSettings = {
				ALWAYS_SEARCH_USER_PATHS = NO;
				CLANG_CXX_LANGUAGE_STANDARD = "gnu++0x";
				CLANG_CXX_LIBRARY = "libc++";
				CLANG_ENABLE_MODULES = YES;
				CLANG_ENABLE_OBJC_ARC = YES;
				CLANG_WARN_BOOL_CONVERSION = YES;
				CLANG_WARN_CONSTANT_CONVERSION = YES;
				CLANG_WARN_DIRECT_OBJC_ISA_USAGE = YES_ERROR;
				CLANG_WARN_EMPTY_BODY = YES;
				CLANG_WARN_ENUM_CONVERSION = YES;
				CLANG_WARN_INFINITE_RECURSION = YES;
				CLANG_WARN_INT_CONVERSION = YES;
				CLANG_WARN_OBJC_ROOT_CLASS = YES_ERROR;
				CLANG_WARN_SUSPICIOUS_MOVE = YES;
				CLANG_WARN_UNREACHABLE_CODE = YES;
				CLANG_WARN__DUPLICATE_METHOD_MATCH = YES;
				CODE_SIGN_IDENTITY = "-";
				COPY_PHASE_STRIP = NO;
				DEBUG_INFORMATION_FORMAT = dwarf;
				ENABLE_STRICT_OBJC_MSGSEND = YES;
				ENABLE_TESTABILITY = YES;
				GCC_C_LANGUAGE_STANDARD = gnu99;
				GCC_DYNAMIC_NO_PIC = NO;
				GCC_NO_COMMON_BLOCKS = YES;
				GCC_OPTIMIZATION_LEVEL = 0;
				GCC_PREPROCESSOR_DEFINITIONS = (
					"DEBUG=1",
					"$(inherited)",
				);
				GCC_WARN_64_TO_32_BIT_CONVERSION = YES;
				GCC_WARN_ABOUT_RETURN_TYPE = YES_ERROR;
				GCC_WARN_UNDECLARED_SELECTOR = YES;
				GCC_WARN_UNINITIALIZED_AUTOS = YES_AGGRESSIVE;
				GCC_WARN_UNUSED_FUNCTION = YES;
				GCC_WARN_UNUSED_VARIABLE = YES;
				MACOSX_DEPLOYMENT_TARGET = 10.10;
				MTL_ENABLE_DEBUG_INFO = YES;
				ONLY_ACTIVE_ARCH = YES;
				SDKROOT = macosx;
				SWIFT_OPTIMIZATION_LEVEL = "-Onone";
			};
			name = Debug;
		};
		EDD4A9D71CBDBF6800602B3E /* Release */ = {
			isa = XCBuildConfiguration;
			buildSettings = {
				ALWAYS_SEARCH_USER_PATHS = NO;
				CLANG_CXX_LANGUAGE_STANDARD = "gnu++0x";
				CLANG_CXX_LIBRARY = "libc++";
				CLANG_ENABLE_MODULES = YES;
				CLANG_ENABLE_OBJC_ARC = YES;
				CLANG_WARN_BOOL_CONVERSION = YES;
				CLANG_WARN_CONSTANT_CONVERSION = YES;
				CLANG_WARN_DIRECT_OBJC_ISA_USAGE = YES_ERROR;
				CLANG_WARN_EMPTY_BODY = YES;
				CLANG_WARN_ENUM_CONVERSION = YES;
				CLANG_WARN_INFINITE_RECURSION = YES;
				CLANG_WARN_INT_CONVERSION = YES;
				CLANG_WARN_OBJC_ROOT_CLASS = YES_ERROR;
				CLANG_WARN_SUSPICIOUS_MOVE = YES;
				CLANG_WARN_UNREACHABLE_CODE = YES;
				CLANG_WARN__DUPLICATE_METHOD_MATCH = YES;
				CODE_SIGN_IDENTITY = "-";
				COPY_PHASE_STRIP = NO;
				DEBUG_INFORMATION_FORMAT = "dwarf-with-dsym";
				ENABLE_NS_ASSERTIONS = NO;
				ENABLE_STRICT_OBJC_MSGSEND = YES;
				GCC_C_LANGUAGE_STANDARD = gnu99;
				GCC_NO_COMMON_BLOCKS = YES;
				GCC_WARN_64_TO_32_BIT_CONVERSION = YES;
				GCC_WARN_ABOUT_RETURN_TYPE = YES_ERROR;
				GCC_WARN_UNDECLARED_SELECTOR = YES;
				GCC_WARN_UNINITIALIZED_AUTOS = YES_AGGRESSIVE;
				GCC_WARN_UNUSED_FUNCTION = YES;
				GCC_WARN_UNUSED_VARIABLE = YES;
				MACOSX_DEPLOYMENT_TARGET = 10.10;
				MTL_ENABLE_DEBUG_INFO = NO;
				SDKROOT = macosx;
				SWIFT_OPTIMIZATION_LEVEL = "-Owholemodule";
			};
			name = Release;
		};
		EDD4A9D91CBDBF6800602B3E /* Debug */ = {
			isa = XCBuildConfiguration;
			buildSettings = {
				CLANG_ENABLE_MODULES = YES;
				LD_RUNPATH_SEARCH_PATHS = "$(inherited) @executable_path/../Frameworks @loader_path/../Frameworks";
				PRODUCT_NAME = "$(TARGET_NAME)";
				SWIFT_OBJC_BRIDGING_HEADER = "Toolbox/Toolbox-Bridging-Header.h";
				SWIFT_OPTIMIZATION_LEVEL = "-Onone";
				SWIFT_VERSION = 2.3;
			};
			name = Debug;
		};
		EDD4A9DA1CBDBF6800602B3E /* Release */ = {
			isa = XCBuildConfiguration;
			buildSettings = {
				CLANG_ENABLE_MODULES = YES;
				LD_RUNPATH_SEARCH_PATHS = "$(inherited) @executable_path/../Frameworks @loader_path/../Frameworks";
				PRODUCT_NAME = "$(TARGET_NAME)";
				SWIFT_OBJC_BRIDGING_HEADER = "Toolbox/Toolbox-Bridging-Header.h";
				SWIFT_VERSION = 2.3;
			};
			name = Release;
		};
/* End XCBuildConfiguration section */

/* Begin XCConfigurationList section */
		EDD4A9CC1CBDBF6800602B3E /* Build configuration list for PBXProject "Toolbox" */ = {
			isa = XCConfigurationList;
			buildConfigurations = (
				EDD4A9D61CBDBF6800602B3E /* Debug */,
				EDD4A9D71CBDBF6800602B3E /* Release */,
			);
			defaultConfigurationIsVisible = 0;
			defaultConfigurationName = Release;
		};
		EDD4A9D81CBDBF6800602B3E /* Build configuration list for PBXNativeTarget "Toolbox" */ = {
			isa = XCConfigurationList;
			buildConfigurations = (
				EDD4A9D91CBDBF6800602B3E /* Debug */,
				EDD4A9DA1CBDBF6800602B3E /* Release */,
			);
			defaultConfigurationIsVisible = 0;
			defaultConfigurationName = Release;
		};
/* End XCConfigurationList section */
	};
	rootObject = EDD4A9C91CBDBF6800602B3E /* Project object */;
}
