// !$*UTF8*$!
{
	archiveVersion = 1;
	classes = {
	};
	objectVersion = 46;
	objects = {

/* Begin PBXBuildFile section */
		EDD4A9331CBD7BBE00602B3E /* main.m in Sources */ = {isa = PBXBuildFile; fileRef = EDD4A9321CBD7BBE00602B3E /* main.m */; };
		EDD4A93B1CBD7BD100602B3E /* Sweatshirt.m in Sources */ = {isa = PBXBuildFile; fileRef = EDD4A93A1CBD7BD100602B3E /* Sweatshirt.m */; };
		EDD4A93E1CBD874F00602B3E /* WashingMachine.m in Sources */ = {isa = PBXBuildFile; fileRef = EDD4A93D1CBD874F00602B3E /* WashingMachine.m */; };
/* End PBXBuildFile section */

/* Begin PBXCopyFilesBuildPhase section */
		EDD4A92D1CBD7BBE00602B3E /* CopyFiles */ = {
			isa = PBXCopyFilesBuildPhase;
			buildActionMask = 2147483647;
			dstPath = /usr/share/man/man1/;
			dstSubfolderSpec = 0;
			files = (
			);
			runOnlyForDeploymentPostprocessing = 1;
		};
/* End PBXCopyFilesBuildPhase section */

/* Begin PBXFileReference section */
		EDD4A92F1CBD7BBE00602B3E /* Sweatshirt */ = {isa = PBXFileReference; explicitFileType = "compiled.mach-o.executable"; includeInIndex = 0; path = Sweatshirt; sourceTree = BUILT_PRODUCTS_DIR; };
		EDD4A9321CBD7BBE00602B3E /* main.m */ = {isa = PBXFileReference; lastKnownFileType = sourcecode.c.objc; path = main.m; sourceTree = "<group>"; };
		EDD4A9391CBD7BD100602B3E /* Sweatshirt.h */ = {isa = PBXFileReference; fileEncoding = 4; lastKnownFileType = sourcecode.c.h; path = Sweatshirt.h; sourceTree = "<group>"; };
		EDD4A93A1CBD7BD100602B3E /* Sweatshirt.m */ = {isa = PBXFileReference; fileEncoding = 4; lastKnownFileType = sourcecode.c.objc; path = Sweatshirt.m; sourceTree = "<group>"; };
		EDD4A93C1CBD874F00602B3E /* WashingMachine.h */ = {isa = PBXFileReference; fileEncoding = 4; lastKnownFileType = sourcecode.c.h; path = WashingMachine.h; sourceTree = "<group>"; };
		EDD4A93D1CBD874F00602B3E /* WashingMachine.m */ = {isa = PBXFileReference; fileEncoding = 4; lastKnownFileType = sourcecode.c.objc; path = WashingMachine.m; sourceTree = "<group>"; };
/* End PBXFileReference section */

/* Begin PBXFrameworksBuildPhase section */
		EDD4A92C1CBD7BBE00602B3E /* Frameworks */ = {
			isa = PBXFrameworksBuildPhase;
			buildActionMask = 2147483647;
			files = (
			);
			runOnlyForDeploymentPostprocessing = 0;
		};
/* End PBXFrameworksBuildPhase section */

/* Begin PBXGroup section */
		EDD4A9261CBD7BBE00602B3E = {
			isa = PBXGroup;
			children = (
				EDD4A9311CBD7BBE00602B3E /* Sweatshirt */,
				EDD4A9301CBD7BBE00602B3E /* Products */,
			);
			sourceTree = "<group>";
		};
		EDD4A9301CBD7BBE00602B3E /* Products */ = {
			isa = PBXGroup;
			children = (
				EDD4A92F1CBD7BBE00602B3E /* Sweatshirt */,
			);
			name = Products;
			sourceTree = "<group>";
		};
		EDD4A9311CBD7BBE00602B3E /* Sweatshirt */ = {
			isa = PBXGroup;
			children = (
				EDD4A9321CBD7BBE00602B3E /* main.m */,
				EDD4A9391CBD7BD100602B3E /* Sweatshirt.h */,
				EDD4A93A1CBD7BD100602B3E /* Sweatshirt.m */,
				EDD4A93C1CBD874F00602B3E /* WashingMachine.h */,
				EDD4A93D1CBD874F00602B3E /* WashingMachine.m */,
			);
			path = Sweatshirt;
			sourceTree = "<group>";
		};
/* End PBXGroup section */

/* Begin PBXNativeTarget section */
		EDD4A92E1CBD7BBE00602B3E /* Sweatshirt */ = {
			isa = PBXNativeTarget;
			buildConfigurationList = EDD4A9361CBD7BBE00602B3E /* Build configuration list for PBXNativeTarget "Sweatshirt" */;
			buildPhases = (
				EDD4A92B1CBD7BBE00602B3E /* Sources */,
				EDD4A92C1CBD7BBE00602B3E /* Frameworks */,
				EDD4A92D1CBD7BBE00602B3E /* CopyFiles */,
			);
			buildRules = (
			);
			dependencies = (
			);
			name = Sweatshirt;
			productName = Sweatshirt;
			productReference = EDD4A92F1CBD7BBE00602B3E /* Sweatshirt */;
			productType = "com.apple.product-type.tool";
		};
/* End PBXNativeTarget section */

/* Begin PBXProject section */
		EDD4A9271CBD7BBE00602B3E /* Project object */ = {
			isa = PBXProject;
			attributes = {
				LastUpgradeCheck = 0800;
				ORGANIZATIONNAME = "Gabrielle Miller-Messner";
				TargetAttributes = {
					EDD4A92E1CBD7BBE00602B3E = {
						CreatedOnToolsVersion = 7.2.1;
						LastSwiftMigration = 0800;
					};
				};
			};
			buildConfigurationList = EDD4A92A1CBD7BBE00602B3E /* Build configuration list for PBXProject "Sweatshirt" */;
			compatibilityVersion = "Xcode 3.2";
			developmentRegion = English;
			hasScannedForEncodings = 0;
			knownRegions = (
				en,
			);
			mainGroup = EDD4A9261CBD7BBE00602B3E;
			productRefGroup = EDD4A9301CBD7BBE00602B3E /* Products */;
			projectDirPath = "";
			projectRoot = "";
			targets = (
				EDD4A92E1CBD7BBE00602B3E /* Sweatshirt */,
			);
		};
/* End PBXProject section */

/* Begin PBXSourcesBuildPhase section */
		EDD4A92B1CBD7BBE00602B3E /* Sources */ = {
			isa = PBXSourcesBuildPhase;
			buildActionMask = 2147483647;
			files = (
				EDD4A93E1CBD874F00602B3E /* WashingMachine.m in Sources */,
				EDD4A9331CBD7BBE00602B3E /* main.m in Sources */,
				EDD4A93B1CBD7BD100602B3E /* Sweatshirt.m in Sources */,
			);
			runOnlyForDeploymentPostprocessing = 0;
		};
/* End PBXSourcesBuildPhase section */

/* Begin XCBuildConfiguration section */
		EDD4A9341CBD7BBE00602B3E /* Debug */ = {
			isa = XCBuildConfiguration;
			buildSettings = {
				ALWAYS_SEARCH_USER_PATHS = NO;
				CLANG_CXX_LANGUAGE_STANDARD = "gnu++0x";
				CLANG_CXX_LIBRARY = "libc++";
				CLANG_ENABLE_MODULES = YES;
				CLANG_ENABLE_OBJC_ARC = YES;
				CLANG_WARN_BOOL_CONVERSION = YES;
				CLANG_WARN_CONSTANT_CONVERSION = YES;
				CLANG_WARN_DIRECT_OBJC_ISA_USAGE = YES_ERROR;
				CLANG_WARN_EMPTY_BODY = YES;
				CLANG_WARN_ENUM_CONVERSION = YES;
				CLANG_WARN_INFINITE_RECURSION = YES;
				CLANG_WARN_INT_CONVERSION = YES;
				CLANG_WARN_OBJC_ROOT_CLASS = YES_ERROR;
				CLANG_WARN_SUSPICIOUS_MOVE = YES;
				CLANG_WARN_UNREACHABLE_CODE = YES;
				CLANG_WARN__DUPLICATE_METHOD_MATCH = YES;
				CODE_SIGN_IDENTITY = "-";
				COPY_PHASE_STRIP = NO;
				DEBUG_INFORMATION_FORMAT = dwarf;
				ENABLE_STRICT_OBJC_MSGSEND = YES;
				ENABLE_TESTABILITY = YES;
				GCC_C_LANGUAGE_STANDARD = gnu99;
				GCC_DYNAMIC_NO_PIC = NO;
				GCC_NO_COMMON_BLOCKS = YES;
				GCC_OPTIMIZATION_LEVEL = 0;
				GCC_PREPROCESSOR_DEFINITIONS = (
					"DEBUG=1",
					"$(inherited)",
				);
				GCC_WARN_64_TO_32_BIT_CONVERSION = YES;
				GCC_WARN_ABOUT_RETURN_TYPE = YES_ERROR;
				GCC_WARN_UNDECLARED_SELECTOR = YES;
				GCC_WARN_UNINITIALIZED_AUTOS = YES_AGGRESSIVE;
				GCC_WARN_UNUSED_FUNCTION = YES;
				GCC_WARN_UNUSED_VARIABLE = YES;
				MACOSX_DEPLOYMENT_TARGET = 10.10;
				MTL_ENABLE_DEBUG_INFO = YES;
				ONLY_ACTIVE_ARCH = YES;
				SDKROOT = macosx;
			};
			name = Debug;
		};
		EDD4A9351CBD7BBE00602B3E /* Release */ = {
			isa = XCBuildConfiguration;
			buildSettings = {
				ALWAYS_SEARCH_USER_PATHS = NO;
				CLANG_CXX_LANGUAGE_STANDARD = "gnu++0x";
				CLANG_CXX_LIBRARY = "libc++";
				CLANG_ENABLE_MODULES = YES;
				CLANG_ENABLE_OBJC_ARC = YES;
				CLANG_WARN_BOOL_CONVERSION = YES;
				CLANG_WARN_CONSTANT_CONVERSION = YES;
				CLANG_WARN_DIRECT_OBJC_ISA_USAGE = YES_ERROR;
				CLANG_WARN_EMPTY_BODY = YES;
				CLANG_WARN_ENUM_CONVERSION = YES;
				CLANG_WARN_INFINITE_RECURSION = YES;
				CLANG_WARN_INT_CONVERSION = YES;
				CLANG_WARN_OBJC_ROOT_CLASS = YES_ERROR;
				CLANG_WARN_SUSPICIOUS_MOVE = YES;
				CLANG_WARN_UNREACHABLE_CODE = YES;
				CLANG_WARN__DUPLICATE_METHOD_MATCH = YES;
				CODE_SIGN_IDENTITY = "-";
				COPY_PHASE_STRIP = NO;
				DEBUG_INFORMATION_FORMAT = "dwarf-with-dsym";
				ENABLE_NS_ASSERTIONS = NO;
				ENABLE_STRICT_OBJC_MSGSEND = YES;
				GCC_C_LANGUAGE_STANDARD = gnu99;
				GCC_NO_COMMON_BLOCKS = YES;
				GCC_WARN_64_TO_32_BIT_CONVERSION = YES;
				GCC_WARN_ABOUT_RETURN_TYPE = YES_ERROR;
				GCC_WARN_UNDECLARED_SELECTOR = YES;
				GCC_WARN_UNINITIALIZED_AUTOS = YES_AGGRESSIVE;
				GCC_WARN_UNUSED_FUNCTION = YES;
				GCC_WARN_UNUSED_VARIABLE = YES;
				MACOSX_DEPLOYMENT_TARGET = 10.10;
				MTL_ENABLE_DEBUG_INFO = NO;
				SDKROOT = macosx;
			};
			name = Release;
		};
		EDD4A9371CBD7BBE00602B3E /* Debug */ = {
			isa = XCBuildConfiguration;
			buildSettings = {
				PRODUCT_NAME = "$(TARGET_NAME)";
				SWIFT_VERSION = 2.3;
			};
			name = Debug;
		};
		EDD4A9381CBD7BBE00602B3E /* Release */ = {
			isa = XCBuildConfiguration;
			buildSettings = {
				PRODUCT_NAME = "$(TARGET_NAME)";
				SWIFT_VERSION = 2.3;
			};
			name = Release;
		};
/* End XCBuildConfiguration section */

/* Begin XCConfigurationList section */
		EDD4A92A1CBD7BBE00602B3E /* Build configuration list for PBXProject "Sweatshirt" */ = {
			isa = XCConfigurationList;
			buildConfigurations = (
				EDD4A9341CBD7BBE00602B3E /* Debug */,
				EDD4A9351CBD7BBE00602B3E /* Release */,
			);
			defaultConfigurationIsVisible = 0;
			defaultConfigurationName = Release;
		};
		EDD4A9361CBD7BBE00602B3E /* Build configuration list for PBXNativeTarget "Sweatshirt" */ = {
			isa = XCConfigurationList;
			buildConfigurations = (
				EDD4A9371CBD7BBE00602B3E /* Debug */,
				EDD4A9381CBD7BBE00602B3E /* Release */,
			);
			defaultConfigurationIsVisible = 0;
			defaultConfigurationName = Release;
		};
/* End XCConfigurationList section */
	};
	rootObject = EDD4A9271CBD7BBE00602B3E /* Project object */;
}
